github.com/dblohm7/wingoes v0.0.0-20231019175336-f6e33aa7cc34 h1:FBMro26TLQwBk+n4fbTSmSf3QUKb09pvW4fz49lxpl0=
github.com/dblohm7/wingoes v0.0.0-20231019175336-f6e33aa7cc34/go.mod h1:6NCrWM5jRefaG7iN0iMShPalLsljHWBh9v1zxM2f8Xs=
github.com/srwiley/oksvg v0.0.0-20221011165216-be6e8873101c h1:km8GpoQut05eY3GiYWEedbTT0qnSxrCjsVbb7yKY1KE=
github.com/srwiley/oksvg v0.0.0-20221011165216-be6e8873101c/go.mod h1:cNQ3dwVJtS5Hmnjxy6AgTPd0Inb3pW05ftPSX7NZO7Q=
github.com/srwiley/rasterx v0.0.0-20220730225603-2ab79fcdd4ef h1:Ch6Q+AZUxDBCVqdkI8FSpFyZDtCVBc2VmejdNrm5rRQ=
github.com/srwiley/rasterx v0.0.0-20220730225603-2ab79fcdd4ef/go.mod h1:nXTWP6+gD5+LUJ8krVhhoeHjvHTutPxMYl5SvkcnJNE=
github.com/tailscale/walk v0.0.0-20260702185836-28b80ea70d3b h1:bB3RTsRQPZ0SaJoYoDwloiKsh7iVyCDLtZZ+2VdmKpE=
github.com/tailscale/walk v0.0.0-20260702185836-28b80ea70d3b/go.mod h1:9Kzibqz+6ANk3Bqj4MXHqyWvbGw0Wy+e5S5xFKsGzp0=
github.com/tailscale/win v0.0.0-20260619195133-2d76c33a64c1 h1:QzOW7bZOlg5/hi1W6dStSN9qazTHkHj5kO7sTA5aymY=
github.com/tailscale/win v0.0.0-20260619195133-2d76c33a64c1/go.mod h1:vwG7VvIPzIYNJd0Nio6PZW7yr8KNNFEc8EVQ+J/B4bk=
golang.org/x/exp v0.0.0-20230425010034-47ecfdc1ba53 h1:5llv2sWeaMSnA3w2kS57ouQQ4pudlXrR0dCgw51QK9o=
golang.org/x/exp v0.0.0-20230425010034-47ecfdc1ba53/go.mod h1:V1LtkGg67GoY2N1AnLN78QLrzxkLyJw7RJb1gzOOz9w=
golang.org/x/image v0.0.0-20211028202545-6944b10bf410 h1:hTftEOvwiOq2+O8k2D5/Q7COC7k5Qcrgc2TFURJYnvQ=
golang.org/x/image v0.0.0-20211028202545-6944b10bf410/go.mod h1:023OzeP/+EPmXeapQh35lcL3II3LrY8Ic+EFFKVhULM=
golang.org/x/net v0.0.0-20211118161319-6a13c67c3ce4 h1:DZshvxDdVoeKIbudAdFEKi+f70l51luSy/7b76ibTY0=
golang.org/x/net v0.0.0-20211118161319-6a13c67c3ce4/go.mod h1:9nx3DQGgdP8bBQD5qxJ1jj9UTztislL4KSBs9R2vV5Y=
golang.org/x/sys v0.47.0 h1:o7XGOvZQCADBQQ4Y7VNq2dRWQR7JmOUW8Kxx4ZsNgWs=
golang.org/x/sys v0.47.0/go.mod h1:4GL1E5IUh+htKOUEOaiffhrAeqysfVGipDYzABqnCmw=
golang.org/x/text v0.3.6 h1:aRYxNxv6iGQlyVaZmk6ZgYEDa+Jg18DxebPSrd6bg1M=
golang.org/x/text v0.3.6/go.mod h1:5Zoc/QRtKVWzQhOtBMvqHzDpF6irO9z98xDceosuGiQ=
golang.org/x/tools v0.0.0-20180917221912-90fa682c2a6e/go.mod h1:n7NCudcB/nEzxVGmLbDWY5pfWTLqBcC2KZ6jyYvM4mQ=
gopkg.in/Knetic/govaluate.v3 v3.0.0 h1:18mUyIt4ZlRlFZAAfVetz4/rzlJs9yhN+U02F4u1AOc=
gopkg.in/Knetic/govaluate.v3 v3.0.0/go.mod h1:csKLBORsPbafmSCGTEh3U7Ozmsuq8ZSIlKk1bcqph0E=
